// !$*UTF8*$!
{
	archiveVersion = 1;
	classes = {
	};
	objectVersion = 50;
	objects = {

/* Begin PBXBuildFile section */
		155F041C23EC746800193CF4 /* AppDelegate.swift in Sources */ = {isa = PBXBuildFile; fileRef = 155F041B23EC746800193CF4 /* AppDelegate.swift */; };
		155F041E23EC746800193CF4 /* SceneDelegate.swift in Sources */ = {isa = PBXBuildFile; fileRef = 155F041D23EC746800193CF4 /* SceneDelegate.swift */; };
		155F042323EC746800193CF4 /* Main.storyboard in Resources */ = {isa = PBXBuildFile; fileRef = 155F042123EC746800193CF4 /* Main.storyboard */; };
		155F042523EC746C00193CF4 /* Assets.xcassets in Resources */ = {isa = PBXBuildFile; fileRef = 155F042423EC746C00193CF4 /* Assets.xcassets */; };
		155F042823EC746C00193CF4 /* LaunchScreen.storyboard in Resources */ = {isa = PBXBuildFile; fileRef = 155F042623EC746C00193CF4 /* LaunchScreen.storyboard */; };
		155F043323EC746C00193CF4 /* ShoppingListTests.swift in Sources */ = {isa = PBXBuildFile; fileRef = 155F043223EC746C00193CF4 /* ShoppingListTests.swift */; };
		155F043E23EC746D00193CF4 /* ShoppingListUITests.swift in Sources */ = {isa = PBXBuildFile; fileRef = 155F043D23EC746D00193CF4 /* ShoppingListUITests.swift */; };
		155F045023EC756E00193CF4 /* ShoppingListController.swift in Sources */ = {isa = PBXBuildFile; fileRef = 155F044F23EC756E00193CF4 /* ShoppingListController.swift */; };
/* End PBXBuildFile section */

/* Begin PBXContainerItemProxy section */
		155F042F23EC746C00193CF4 /* PBXContainerItemProxy */ = {
			isa = PBXContainerItemProxy;
			containerPortal = 155F041023EC746800193CF4 /* Project object */;
			proxyType = 1;
			remoteGlobalIDString = 155F041723EC746800193CF4;
			remoteInfo = ShoppingList;
		};
		155F043A23EC746D00193CF4 /* PBXContainerItemProxy */ = {
			isa = PBXContainerItemProxy;
			containerPortal = 155F041023EC746800193CF4 /* Project object */;
			proxyType = 1;
			remoteGlobalIDString = 155F041723EC746800193CF4;
			remoteInfo = ShoppingList;
		};
/* End PBXContainerItemProxy section */

/* Begin PBXFileReference section */
		155F041823EC746800193CF4 /* ShoppingList.app */ = {isa = PBXFileReference; explicitFileType = wrapper.application; includeInIndex = 0; path = ShoppingList.app; sourceTree = BUILT_PRODUCTS_DIR; };
		155F041B23EC746800193CF4 /* AppDelegate.swift */ = {isa = PBXFileReference; lastKnownFileType = sourcecode.swift; path = AppDelegate.swift; sourceTree = "<group>"; };
		155F041D23EC746800193CF4 /* SceneDelegate.swift */ = {isa = PBXFileReference; lastKnownFileType = sourcecode.swift; path = SceneDelegate.swift; sourceTree = "<group>"; };
		155F042223EC746800193CF4 /* Base */ = {isa = PBXFileReference; lastKnownFileType = file.storyboard; name = Base; path = Base.lproj/Main.storyboard; sourceTree = "<group>"; };
		155F042423EC746C00193CF4 /* Assets.xcassets */ = {isa = PBXFileReference; lastKnownFileType = folder.assetcatalog; path = Assets.xcassets; sourceTree = "<group>"; };
		155F042723EC746C00193CF4 /* Base */ = {isa = PBXFileReference; lastKnownFileType = file.storyboard; name = Base; path = Base.lproj/LaunchScreen.storyboard; sourceTree = "<group>"; };
		155F042923EC746C00193CF4 /* Info.plist */ = {isa = PBXFileReference; lastKnownFileType = text.plist.xml; path = Info.plist; sourceTree = "<group>"; };
		155F042E23EC746C00193CF4 /* ShoppingListTests.xctest */ = {isa = PBXFileReference; explicitFileType = wrapper.cfbundle; includeInIndex = 0; path = ShoppingListTests.xctest; sourceTree = BUILT_PRODUCTS_DIR; };
		155F043223EC746C00193CF4 /* ShoppingListTests.swift */ = {isa = PBXFileReference; lastKnownFileType = sourcecode.swift; path = ShoppingListTests.swift; sourceTree = "<group>"; };
		155F043423EC746D00193CF4 /* Info.plist */ = {isa = PBXFileReference; lastKnownFileType = text.plist.xml; path = Info.plist; sourceTree = "<group>"; };
		155F043923EC746D00193CF4 /* ShoppingListUITests.xctest */ = {isa = PBXFileReference; explicitFileType = wrapper.cfbundle; includeInIndex = 0; path = ShoppingListUITests.xctest; sourceTree = BUILT_PRODUCTS_DIR; };
		155F043D23EC746D00193CF4 /* ShoppingListUITests.swift */ = {isa = PBXFileReference; lastKnownFileType = sourcecode.swift; path = ShoppingListUITests.swift; sourceTree = "<group>"; };
		155F043F23EC746D00193CF4 /* Info.plist */ = {isa = PBXFileReference; lastKnownFileType = text.plist.xml; path = Info.plist; sourceTree = "<group>"; };
		155F044F23EC756E00193CF4 /* ShoppingListController.swift */ = {isa = PBXFileReference; lastKnownFileType = sourcecode.swift; path = ShoppingListController.swift; sourceTree = "<group>"; };
/* End PBXFileReference section */

/* Begin PBXFrameworksBuildPhase section */
		155F041523EC746800193CF4 /* Frameworks */ = {
			isa = PBXFrameworksBuildPhase;
			buildActionMask = 2147483647;
			files = (
			);
			runOnlyForDeploymentPostprocessing = 0;
		};
		155F042B23EC746C00193CF4 /* Frameworks */ = {
			isa = PBXFrameworksBuildPhase;
			buildActionMask = 2147483647;
			files = (
			);
			runOnlyForDeploymentPostprocessing = 0;
		};
		155F043623EC746D00193CF4 /* Frameworks */ = {
			isa = PBXFrameworksBuildPhase;
			buildActionMask = 2147483647;
			files = (
			);
			runOnlyForDeploymentPostprocessing = 0;
		};
/* End PBXFrameworksBuildPhase section */

/* Begin PBXGroup section */
		155F040F23EC746800193CF4 = {
			isa = PBXGroup;
			children = (
				155F041A23EC746800193CF4 /* ShoppingList */,
				155F043123EC746C00193CF4 /* ShoppingListTests */,
				155F043C23EC746D00193CF4 /* ShoppingListUITests */,
				155F041923EC746800193CF4 /* Products */,
			);
			sourceTree = "<group>";
		};
		155F041923EC746800193CF4 /* Products */ = {
			isa = PBXGroup;
			children = (
				155F041823EC746800193CF4 /* ShoppingList.app */,
				155F042E23EC746C00193CF4 /* ShoppingListTests.xctest */,
				155F043923EC746D00193CF4 /* ShoppingListUITests.xctest */,
			);
			name = Products;
			sourceTree = "<group>";
		};
		155F041A23EC746800193CF4 /* ShoppingList */ = {
			isa = PBXGroup;
			children = (
				155F041B23EC746800193CF4 /* AppDelegate.swift */,
				155F041D23EC746800193CF4 /* SceneDelegate.swift */,
				155F044F23EC756E00193CF4 /* ShoppingListController.swift */,
				155F042123EC746800193CF4 /* Main.storyboard */,
				155F042423EC746C00193CF4 /* Assets.xcassets */,
				155F042623EC746C00193CF4 /* LaunchScreen.storyboard */,
				155F042923EC746C00193CF4 /* Info.plist */,
			);
			path = ShoppingList;
			sourceTree = "<group>";
		};
		155F043123EC746C00193CF4 /* ShoppingListTests */ = {
			isa = PBXGroup;
			children = (
				155F043223EC746C00193CF4 /* ShoppingListTests.swift */,
				155F043423EC746D00193CF4 /* Info.plist */,
			);
			path = ShoppingListTests;
			sourceTree = "<group>";
		};
		155F043C23EC746D00193CF4 /* ShoppingListUITests */ = {
			isa = PBXGroup;
			children = (
				155F043D23EC746D00193CF4 /* ShoppingListUITests.swift */,
				155F043F23EC746D00193CF4 /* Info.plist */,
			);
			path = ShoppingListUITests;
			sourceTree = "<group>";
		};
/* End PBXGroup section */

/* Begin PBXNativeTarget section */
		155F041723EC746800193CF4 /* ShoppingList */ = {
			isa = PBXNativeTarget;
			buildConfigurationList = 155F044223EC746E00193CF4 /* Build configuration list for PBXNativeTarget "ShoppingList" */;
			buildPhases = (
				155F041423EC746800193CF4 /* Sources */,
				155F041523EC746800193CF4 /* Frameworks */,
				155F041623EC746800193CF4 /* Resources */,
			);
			buildRules = (
			);
			dependencies = (
			);
			name = ShoppingList;
			productName = ShoppingList;
			productReference = 155F041823EC746800193CF4 /* ShoppingList.app */;
			productType = "com.apple.product-type.application";
		};
		155F042D23EC746C00193CF4 /* ShoppingListTests */ = {
			isa = PBXNativeTarget;
			buildConfigurationList = 155F044523EC746E00193CF4 /* Build configuration list for PBXNativeTarget "ShoppingListTests" */;
			buildPhases = (
				155F042A23EC746C00193CF4 /* Sources */,
				155F042B23EC746C00193CF4 /* Frameworks */,
				155F042C23EC746C00193CF4 /* Resources */,
			);
			buildRules = (
			);
			dependencies = (
				155F043023EC746C00193CF4 /* PBXTargetDependency */,
			);
			name = ShoppingListTests;
			productName = ShoppingListTests;
			productReference = 155F042E23EC746C00193CF4 /* ShoppingListTests.xctest */;
			productType = "com.apple.product-type.bundle.unit-test";
		};
		155F043823EC746D00193CF4 /* ShoppingListUITests */ = {
			isa = PBXNativeTarget;
			buildConfigurationList = 155F044823EC746E00193CF4 /* Build configuration list for PBXNativeTarget "ShoppingListUITests" */;
			buildPhases = (
				155F043523EC746D00193CF4 /* Sources */,
				155F043623EC746D00193CF4 /* Frameworks */,
				155F043723EC746D00193CF4 /* Resources */,
			);
			buildRules = (
			);
			dependencies = (
				155F043B23EC746D00193CF4 /* PBXTargetDependency */,
			);
			name = ShoppingListUITests;
			productName = ShoppingListUITests;
			productReference = 155F043923EC746D00193CF4 /* ShoppingListUITests.xctest */;
			productType = "com.apple.product-type.bundle.ui-testing";
		};
/* End PBXNativeTarget section */

/* Begin PBXProject section */
		155F041023EC746800193CF4 /* Project object */ = {
			isa = PBXProject;
			attributes = {
				LastSwiftUpdateCheck = 1130;
				LastUpgradeCheck = 1130;
				ORGANIZATIONNAME = "Larissa Diniz ";
				TargetAttributes = {
					155F041723EC746800193CF4 = {
						CreatedOnToolsVersion = 11.3.1;
					};
					155F042D23EC746C00193CF4 = {
						CreatedOnToolsVersion = 11.3.1;
						TestTargetID = 155F041723EC746800193CF4;
					};
					155F043823EC746D00193CF4 = {
						CreatedOnToolsVersion = 11.3.1;
						TestTargetID = 155F041723EC746800193CF4;
					};
				};
			};
			buildConfigurationList = 155F041323EC746800193CF4 /* Build configuration list for PBXProject "ShoppingList" */;
			compatibilityVersion = "Xcode 9.3";
			developmentRegion = en;
			hasScannedForEncodings = 0;
			knownRegions = (
				en,
				Base,
			);
			mainGroup = 155F040F23EC746800193CF4;
			productRefGroup = 155F041923EC746800193CF4 /* Products */;
			projectDirPath = "";
			projectRoot = "";
			targets = (
				155F041723EC746800193CF4 /* ShoppingList */,
				155F042D23EC746C00193CF4 /* ShoppingListTests */,
				155F043823EC746D00193CF4 /* ShoppingListUITests */,
			);
		};
/* End PBXProject section */

/* Begin PBXResourcesBuildPhase section */
		155F041623EC746800193CF4 /* Resources */ = {
			isa = PBXResourcesBuildPhase;
			buildActionMask = 2147483647;
			files = (
				155F042823EC746C00193CF4 /* LaunchScreen.storyboard in Resources */,
				155F042523EC746C00193CF4 /* Assets.xcassets in Resources */,
				155F042323EC746800193CF4 /* Main.storyboard in Resources */,
			);
			runOnlyForDeploymentPostprocessing = 0;
		};
		155F042C23EC746C00193CF4 /* Resources */ = {
			isa = PBXResourcesBuildPhase;
			buildActionMask = 2147483647;
			files = (
			);
			runOnlyForDeploymentPostprocessing = 0;
		};
		155F043723EC746D00193CF4 /* Resources */ = {
			isa = PBXResourcesBuildPhase;
			buildActionMask = 2147483647;
			files = (
			);
			runOnlyForDeploymentPostprocessing = 0;
		};
/* End PBXResourcesBuildPhase section */

/* Begin PBXSourcesBuildPhase section */
		155F041423EC746800193CF4 /* Sources */ = {
			isa = PBXSourcesBuildPhase;
			buildActionMask = 2147483647;
			files = (
				155F041C23EC746800193CF4 /* AppDelegate.swift in Sources */,
				155F045023EC756E00193CF4 /* ShoppingListController.swift in Sources */,
				155F041E23EC746800193CF4 /* SceneDelegate.swift in Sources */,
			);
			runOnlyForDeploymentPostprocessing = 0;
		};
		155F042A23EC746C00193CF4 /* Sources */ = {
			isa = PBXSourcesBuildPhase;
			buildActionMask = 2147483647;
			files = (
				155F043323EC746C00193CF4 /* ShoppingListTests.swift in Sources */,
			);
			runOnlyForDeploymentPostprocessing = 0;
		};
		155F043523EC746D00193CF4 /* Sources */ = {
			isa = PBXSourcesBuildPhase;
			buildActionMask = 2147483647;
			files = (
				155F043E23EC746D00193CF4 /* ShoppingListUITests.swift in Sources */,
			);
			runOnlyForDeploymentPostprocessing = 0;
		};
/* End PBXSourcesBuildPhase section */

/* Begin PBXTargetDependency section */
		155F043023EC746C00193CF4 /* PBXTargetDependency */ = {
			isa = PBXTargetDependency;
			target = 155F041723EC746800193CF4 /* ShoppingList */;
			targetProxy = 155F042F23EC746C00193CF4 /* PBXContainerItemProxy */;
		};
		155F043B23EC746D00193CF4 /* PBXTargetDependency */ = {
			isa = PBXTargetDependency;
			target = 155F041723EC746800193CF4 /* ShoppingList */;
			targetProxy = 155F043A23EC746D00193CF4 /* PBXContainerItemProxy */;
		};
/* End PBXTargetDependency section */

/* Begin PBXVariantGroup section */
		155F042123EC746800193CF4 /* Main.storyboard */ = {
			isa = PBXVariantGroup;
			children = (
				155F042223EC746800193CF4 /* Base */,
			);
			name = Main.storyboard;
			sourceTree = "<group>";
		};
		155F042623EC746C00193CF4 /* LaunchScreen.storyboard */ = {
			isa = PBXVariantGroup;
			children = (
				155F042723EC746C00193CF4 /* Base */,
			);
			name = LaunchScreen.storyboard;
			sourceTree = "<group>";
		};
/* End PBXVariantGroup section */

/* Begin XCBuildConfiguration section */
		155F044023EC746D00193CF4 /* Debug */ = {
			isa = XCBuildConfiguration;
			buildSettings = {
				ALWAYS_SEARCH_USER_PATHS = NO;
				CLANG_ANALYZER_NONNULL = YES;
				CLANG_ANALYZER_NUMBER_OBJECT_CONVERSION = YES_AGGRESSIVE;
				CLANG_CXX_LANGUAGE_STANDARD = "gnu++14";
				CLANG_CXX_LIBRARY = "libc++";
				CLANG_ENABLE_MODULES = YES;
				CLANG_ENABLE_OBJC_ARC = YES;
				CLANG_ENABLE_OBJC_WEAK = YES;
				CLANG_WARN_BLOCK_CAPTURE_AUTORELEASING = YES;
				CLANG_WARN_BOOL_CONVERSION = YES;
				CLANG_WARN_COMMA = YES;
				CLANG_WARN_CONSTANT_CONVERSION = YES;
				CLANG_WARN_DEPRECATED_OBJC_IMPLEMENTATIONS = YES;
				CLANG_WARN_DIRECT_OBJC_ISA_USAGE = YES_ERROR;
				CLANG_WARN_DOCUMENTATION_COMMENTS = YES;
				CLANG_WARN_EMPTY_BODY = YES;
				CLANG_WARN_ENUM_CONVERSION = YES;
				CLANG_WARN_INFINITE_RECURSION = YES;
				CLANG_WARN_INT_CONVERSION = YES;
				CLANG_WARN_NON_LITERAL_NULL_CONVERSION = YES;
				CLANG_WARN_OBJC_IMPLICIT_RETAIN_SELF = YES;
				CLANG_WARN_OBJC_LITERAL_CONVERSION = YES;
				CLANG_WARN_OBJC_ROOT_CLASS = YES_ERROR;
				CLANG_WARN_RANGE_LOOP_ANALYSIS = YES;
				CLANG_WARN_STRICT_PROTOTYPES = YES;
				CLANG_WARN_SUSPICIOUS_MOVE = YES;
				CLANG_WARN_UNGUARDED_AVAILABILITY = YES_AGGRESSIVE;
				CLANG_WARN_UNREACHABLE_CODE = YES;
				CLANG_WARN__DUPLICATE_METHOD_MATCH = YES;
				COPY_PHASE_STRIP = NO;
				DEBUG_INFORMATION_FORMAT = dwarf;
				ENABLE_STRICT_OBJC_MSGSEND = YES;
				ENABLE_TESTABILITY = YES;
				GCC_C_LANGUAGE_STANDARD = gnu11;
				GCC_DYNAMIC_NO_PIC = NO;
				GCC_NO_COMMON_BLOCKS = YES;
				GCC_OPTIMIZATION_LEVEL = 0;
				GCC_PREPROCESSOR_DEFINITIONS = (
					"DEBUG=1",
					"$(inherited)",
				);
				GCC_WARN_64_TO_32_BIT_CONVERSION = YES;
				GCC_WARN_ABOUT_RETURN_TYPE = YES_ERROR;
				GCC_WARN_UNDECLARED_SELECTOR = YES;
				GCC_WARN_UNINITIALIZED_AUTOS = YES_AGGRESSIVE;
				GCC_WARN_UNUSED_FUNCTION = YES;
				GCC_WARN_UNUSED_VARIABLE = YES;
				IPHONEOS_DEPLOYMENT_TARGET = 13.2;
				MTL_ENABLE_DEBUG_INFO = INCLUDE_SOURCE;
				MTL_FAST_MATH = YES;
				ONLY_ACTIVE_ARCH = YES;
				SDKROOT = iphoneos;
				SWIFT_ACTIVE_COMPILATION_CONDITIONS = DEBUG;
				SWIFT_OPTIMIZATION_LEVEL = "-Onone";
			};
			name = Debug;
		};
		155F044123EC746D00193CF4 /* Release */ = {
			isa = XCBuildConfiguration;
			buildSettings = {
				ALWAYS_SEARCH_USER_PATHS = NO;
				CLANG_ANALYZER_NONNULL = YES;
				CLANG_ANALYZER_NUMBER_OBJECT_CONVERSION = YES_AGGRESSIVE;
				CLANG_CXX_LANGUAGE_STANDARD = "gnu++14";
				CLANG_CXX_LIBRARY = "libc++";
				CLANG_ENABLE_MODULES = YES;
				CLANG_ENABLE_OBJC_ARC = YES;
				CLANG_ENABLE_OBJC_WEAK = YES;
				CLANG_WARN_BLOCK_CAPTURE_AUTORELEASING = YES;
				CLANG_WARN_BOOL_CONVERSION = YES;
				CLANG_WARN_COMMA = YES;
				CLANG_WARN_CONSTANT_CONVERSION = YES;
				CLANG_WARN_DEPRECATED_OBJC_IMPLEMENTATIONS = YES;
				CLANG_WARN_DIRECT_OBJC_ISA_USAGE = YES_ERROR;
				CLANG_WARN_DOCUMENTATION_COMMENTS = YES;
				CLANG_WARN_EMPTY_BODY = YES;
				CLANG_WARN_ENUM_CONVERSION = YES;
				CLANG_WARN_INFINITE_RECURSION = YES;
				CLANG_WARN_INT_CONVERSION = YES;
				CLANG_WARN_NON_LITERAL_NULL_CONVERSION = YES;
				CLANG_WARN_OBJC_IMPLICIT_RETAIN_SELF = YES;
				CLANG_WARN_OBJC_LITERAL_CONVERSION = YES;
				CLANG_WARN_OBJC_ROOT_CLASS = YES_ERROR;
				CLANG_WARN_RANGE_LOOP_ANALYSIS = YES;
				CLANG_WARN_STRICT_PROTOTYPES = YES;
				CLANG_WARN_SUSPICIOUS_MOVE = YES;
				CLANG_WARN_UNGUARDED_AVAILABILITY = YES_AGGRESSIVE;
				CLANG_WARN_UNREACHABLE_CODE = YES;
				CLANG_WARN__DUPLICATE_METHOD_MATCH = YES;
				COPY_PHASE_STRIP = NO;
				DEBUG_INFORMATION_FORMAT = "dwarf-with-dsym";
				ENABLE_NS_ASSERTIONS = NO;
				ENABLE_STRICT_OBJC_MSGSEND = YES;
				GCC_C_LANGUAGE_STANDARD = gnu11;
				GCC_NO_COMMON_BLOCKS = YES;
				GCC_WARN_64_TO_32_BIT_CONVERSION = YES;
				GCC_WARN_ABOUT_RETURN_TYPE = YES_ERROR;
				GCC_WARN_UNDECLARED_SELECTOR = YES;
				GCC_WARN_UNINITIALIZED_AUTOS = YES_AGGRESSIVE;
				GCC_WARN_UNUSED_FUNCTION = YES;
				GCC_WARN_UNUSED_VARIABLE = YES;
				IPHONEOS_DEPLOYMENT_TARGET = 13.2;
				MTL_ENABLE_DEBUG_INFO = NO;
				MTL_FAST_MATH = YES;
				SDKROOT = iphoneos;
				SWIFT_COMPILATION_MODE = wholemodule;
				SWIFT_OPTIMIZATION_LEVEL = "-O";
				VALIDATE_PRODUCT = YES;
			};
			name = Release;
		};
		155F044323EC746E00193CF4 /* Debug */ = {
			isa = XCBuildConfiguration;
			buildSettings = {
				ASSETCATALOG_COMPILER_APPICON_NAME = AppIcon;
				CODE_SIGN_STYLE = Automatic;
				DEVELOPMENT_TEAM = J9FU5BS8Y2;
				INFOPLIST_FILE = ShoppingList/Info.plist;
				LD_RUNPATH_SEARCH_PATHS = (
					"$(inherited)",
					"@executable_path/Frameworks",
				);
				PRODUCT_BUNDLE_IDENTIFIER = involves.ShoppingList;
				PRODUCT_NAME = "$(TARGET_NAME)";
				SWIFT_VERSION = 5.0;
				TARGETED_DEVICE_FAMILY = "1,2";
			};
			name = Debug;
		};
		155F044423EC746E00193CF4 /* Release */ = {
			isa = XCBuildConfiguration;
			buildSettings = {
				ASSETCATALOG_COMPILER_APPICON_NAME = AppIcon;
				CODE_SIGN_STYLE = Automatic;
				DEVELOPMENT_TEAM = J9FU5BS8Y2;
				INFOPLIST_FILE = ShoppingList/Info.plist;
				LD_RUNPATH_SEARCH_PATHS = (
					"$(inherited)",
					"@executable_path/Frameworks",
				);
				PRODUCT_BUNDLE_IDENTIFIER = involves.ShoppingList;
				PRODUCT_NAME = "$(TARGET_NAME)";
				SWIFT_VERSION = 5.0;
				TARGETED_DEVICE_FAMILY = "1,2";
			};
			name = Release;
		};
		155F044623EC746E00193CF4 /* Debug */ = {
			isa = XCBuildConfiguration;
			buildSettings = {
				ALWAYS_EMBED_SWIFT_STANDARD_LIBRARIES = YES;
				BUNDLE_LOADER = "$(TEST_HOST)";
				CODE_SIGN_STYLE = Automatic;
				DEVELOPMENT_TEAM = J9FU5BS8Y2;
				INFOPLIST_FILE = ShoppingListTests/Info.plist;
				IPHONEOS_DEPLOYMENT_TARGET = 13.2;
				LD_RUNPATH_SEARCH_PATHS = (
					"$(inherited)",
					"@executable_path/Frameworks",
					"@loader_path/Frameworks",
				);
				PRODUCT_BUNDLE_IDENTIFIER = involves.ShoppingListTests;
				PRODUCT_NAME = "$(TARGET_NAME)";
				SWIFT_VERSION = 5.0;
				TARGETED_DEVICE_FAMILY = "1,2";
				TEST_HOST = "$(BUILT_PRODUCTS_DIR)/ShoppingList.app/ShoppingList";
			};
			name = Debug;
		};
		155F044723EC746E00193CF4 /* Release */ = {
			isa = XCBuildConfiguration;
			buildSettings = {
				ALWAYS_EMBED_SWIFT_STANDARD_LIBRARIES = YES;
				BUNDLE_LOADER = "$(TEST_HOST)";
				CODE_SIGN_STYLE = Automatic;
				DEVELOPMENT_TEAM = J9FU5BS8Y2;
				INFOPLIST_FILE = ShoppingListTests/Info.plist;
				IPHONEOS_DEPLOYMENT_TARGET = 13.2;
				LD_RUNPATH_SEARCH_PATHS = (
					"$(inherited)",
					"@executable_path/Frameworks",
					"@loader_path/Frameworks",
				);
				PRODUCT_BUNDLE_IDENTIFIER = involves.ShoppingListTests;
				PRODUCT_NAME = "$(TARGET_NAME)";
				SWIFT_VERSION = 5.0;
				TARGETED_DEVICE_FAMILY = "1,2";
				TEST_HOST = "$(BUILT_PRODUCTS_DIR)/ShoppingList.app/ShoppingList";
			};
			name = Release;
		};
		155F044923EC746E00193CF4 /* Debug */ = {
			isa = XCBuildConfiguration;
			buildSettings = {
				ALWAYS_EMBED_SWIFT_STANDARD_LIBRARIES = YES;
				CODE_SIGN_STYLE = Automatic;
				DEVELOPMENT_TEAM = J9FU5BS8Y2;
				INFOPLIST_FILE = ShoppingListUITests/Info.plist;
				LD_RUNPATH_SEARCH_PATHS = (
					"$(inherited)",
					"@executable_path/Frameworks",
					"@loader_path/Frameworks",
				);
				PRODUCT_BUNDLE_IDENTIFIER = involves.ShoppingListUITests;
				PRODUCT_NAME = "$(TARGET_NAME)";
				SWIFT_VERSION = 5.0;
				TARGETED_DEVICE_FAMILY = "1,2";
				TEST_TARGET_NAME = ShoppingList;
			};
			name = Debug;
		};
		155F044A23EC746E00193CF4 /* Release */ = {
			isa = XCBuildConfiguration;
			buildSettings = {
				ALWAYS_EMBED_SWIFT_STANDARD_LIBRARIES = YES;
				CODE_SIGN_STYLE = Automatic;
				DEVELOPMENT_TEAM = J9FU5BS8Y2;
				INFOPLIST_FILE = ShoppingListUITests/Info.plist;
				LD_RUNPATH_SEARCH_PATHS = (
					"$(inherited)",
					"@executable_path/Frameworks",
					"@loader_path/Frameworks",
				);
				PRODUCT_BUNDLE_IDENTIFIER = involves.ShoppingListUITests;
				PRODUCT_NAME = "$(TARGET_NAME)";
				SWIFT_VERSION = 5.0;
				TARGETED_DEVICE_FAMILY = "1,2";
				TEST_TARGET_NAME = ShoppingList;
			};
			name = Release;
		};
/* End XCBuildConfiguration section */

/* Begin XCConfigurationList section */
		155F041323EC746800193CF4 /* Build configuration list for PBXProject "ShoppingList" */ = {
			isa = XCConfigurationList;
			buildConfigurations = (
				155F044023EC746D00193CF4 /* Debug */,
				155F044123EC746D00193CF4 /* Release */,
			);
			defaultConfigurationIsVisible = 0;
			defaultConfigurationName = Release;
		};
		155F044223EC746E00193CF4 /* Build configuration list for PBXNativeTarget "ShoppingList" */ = {
			isa = XCConfigurationList;
			buildConfigurations = (
				155F044323EC746E00193CF4 /* Debug */,
				155F044423EC746E00193CF4 /* Release */,
			);
			defaultConfigurationIsVisible = 0;
			defaultConfigurationName = Release;
		};
		155F044523EC746E00193CF4 /* Build configuration list for PBXNativeTarget "ShoppingListTests" */ = {
			isa = XCConfigurationList;
			buildConfigurations = (
				155F044623EC746E00193CF4 /* Debug */,
				155F044723EC746E00193CF4 /* Release */,
			);
			defaultConfigurationIsVisible = 0;
			defaultConfigurationName = Release;
		};
		155F044823EC746E00193CF4 /* Build configuration list for PBXNativeTarget "ShoppingListUITests" */ = {
			isa = XCConfigurationList;
			buildConfigurations = (
				155F044923EC746E00193CF4 /* Debug */,
				155F044A23EC746E00193CF4 /* Release */,
			);
			defaultConfigurationIsVisible = 0;
			defaultConfigurationName = Release;
		};
/* End XCConfigurationList section */
	};
	rootObject = 155F041023EC746800193CF4 /* Project object */;
}
